
Microsoft Visual Studio Solution File, Format Version 12.00
# Visual Studio Version 17
VisualStudioVersion = 17.5.33530.505
MinimumVisualStudioVersion = 10.0.40219.1
Project("{FAE04EC0-301F-11D3-BF4B-00C04F79EFBC}") = "FullPizzApi", "FullPizzApi\FullPizzApi.csproj", "{6D230870-5EA1-4994-82A4-49A48C4F47D7}"
EndProject
Global
	GlobalSection(SolutionConfigurationPlatforms) = preSolution
		Debug|Any CPU = Debug|Any CPU
		Release|Any CPU = Release|Any CPU
	EndGlobalSection
	GlobalSection(ProjectConfigurationPlatforms) = postSolution
		{6D230870-5EA1-4994-82A4-49A48C4F47D7}.Debug|Any CPU.ActiveCfg = Debug|Any CPU
		{6D230870-5EA1-4994-82A4-49A48C4F47D7}.Debug|Any CPU.Build.0 = Debug|Any CPU
		{6D230870-5EA1-4994-82A4-49A48C4F47D7}.Release|Any CPU.ActiveCfg = Release|Any CPU
		{6D230870-5EA1-4994-82A4-49A48C4F47D7}.Release|Any CPU.Build.0 = Release|Any CPU
	EndGlobalSection
	GlobalSection(SolutionProperties) = preSolution
		HideSolutionNode = FALSE
	EndGlobalSection
	GlobalSection(ExtensibilityGlobals) = postSolution
		SolutionGuid = {6F921681-4653-48DA-ABFD-392F47484E34}
	EndGlobalSection
EndGlobal
